
Microsoft Visual Studio Solution File, Format Version 12.00
# Visual Studio 15
VisualStudioVersion = 15.0.27130.2026
MinimumVisualStudioVersion = 10.0.40219.1
Project("{8BC9CEB8-8B4A-11D0-8D11-00A0C91BC942}") = "Tetris", "Tetris\Tetris.vcxproj", "{49964CA4-D388-48C5-80C3-3A993204A16A}"
EndProject
Project("{8BC9CEB8-8B4A-11D0-8D11-00A0C91BC942}") = "RockBand Console", "RockBand Console\RockBand Console.vcxproj", "{73BEA442-D76C-4FB8-980D-7C807A9A63B6}"
EndProject
Project("{8BC9CEB8-8B4A-11D0-8D11-00A0C91BC942}") = "Polymorphic Voodo", "Polymorphic Voodo\Polymorphic Voodo.vcxproj", "{4920F56E-C18E-4554-BAE5-E604B5169AC2}"
EndProject
Project("{8BC9CEB8-8B4A-11D0-8D11-00A0C91BC942}") = "triangle", "triangle\triangle.vcxproj", "{82E2C312-14EE-42F2-85E4-74BD1193BBA6}"
EndProject
Project("{8BC9CEB8-8B4A-11D0-8D11-00A0C91BC942}") = "Project1", "Project1\Project1.vcxproj", "{D1EE95ED-8717-4C3D-A188-7BE74EC863B2}"
EndProject
Global
	GlobalSection(SolutionConfigurationPlatforms) = preSolution
		Debug|x64 = Debug|x64
		Debug|x86 = Debug|x86
		Release|x64 = Release|x64
		Release|x86 = Release|x86
	EndGlobalSection
	GlobalSection(ProjectConfigurationPlatforms) = postSolution
		{49964CA4-D388-48C5-80C3-3A993204A16A}.Debug|x64.ActiveCfg = Debug|x64
		{49964CA4-D388-48C5-80C3-3A993204A16A}.Debug|x64.Build.0 = Debug|x64
		{49964CA4-D388-48C5-80C3-3A993204A16A}.Debug|x86.ActiveCfg = Debug|Win32
		{49964CA4-D388-48C5-80C3-3A993204A16A}.Debug|x86.Build.0 = Debug|Win32
		{49964CA4-D388-48C5-80C3-3A993204A16A}.Release|x64.ActiveCfg = Release|x64
		{49964CA4-D388-48C5-80C3-3A993204A16A}.Release|x64.Build.0 = Release|x64
		{49964CA4-D388-48C5-80C3-3A993204A16A}.Release|x86.ActiveCfg = Release|Win32
		{49964CA4-D388-48C5-80C3-3A993204A16A}.Release|x86.Build.0 = Release|Win32
		{73BEA442-D76C-4FB8-980D-7C807A9A63B6}.Debug|x64.ActiveCfg = Debug|x64
		{73BEA442-D76C-4FB8-980D-7C807A9A63B6}.Debug|x64.Build.0 = Debug|x64
		{73BEA442-D76C-4FB8-980D-7C807A9A63B6}.Debug|x86.ActiveCfg = Debug|Win32
		{73BEA442-D76C-4FB8-980D-7C807A9A63B6}.Debug|x86.Build.0 = Debug|Win32
		{73BEA442-D76C-4FB8-980D-7C807A9A63B6}.Release|x64.ActiveCfg = Release|x64
		{73BEA442-D76C-4FB8-980D-7C807A9A63B6}.Release|x64.Build.0 = Release|x64
		{73BEA442-D76C-4FB8-980D-7C807A9A63B6}.Release|x86.ActiveCfg = Release|Win32
		{73BEA442-D76C-4FB8-980D-7C807A9A63B6}.Release|x86.Build.0 = Release|Win32
		{4920F56E-C18E-4554-BAE5-E604B5169AC2}.Debug|x64.ActiveCfg = Debug|x64
		{4920F56E-C18E-4554-BAE5-E604B5169AC2}.Debug|x64.Build.0 = Debug|x64
		{4920F56E-C18E-4554-BAE5-E604B5169AC2}.Debug|x86.ActiveCfg = Debug|Win32
		{4920F56E-C18E-4554-BAE5-E604B5169AC2}.Debug|x86.Build.0 = Debug|Win32
		{4920F56E-C18E-4554-BAE5-E604B5169AC2}.Release|x64.ActiveCfg = Release|x64
		{4920F56E-C18E-4554-BAE5-E604B5169AC2}.Release|x64.Build.0 = Release|x64
		{4920F56E-C18E-4554-BAE5-E604B5169AC2}.Release|x86.ActiveCfg = Release|Win32
		{4920F56E-C18E-4554-BAE5-E604B5169AC2}.Release|x86.Build.0 = Release|Win32
		{82E2C312-14EE-42F2-85E4-74BD1193BBA6}.Debug|x64.ActiveCfg = Debug|x64
		{82E2C312-14EE-42F2-85E4-74BD1193BBA6}.Debug|x64.Build.0 = Debug|x64
		{82E2C312-14EE-42F2-85E4-74BD1193BBA6}.Debug|x86.ActiveCfg = Debug|Win32
		{82E2C312-14EE-42F2-85E4-74BD1193BBA6}.Debug|x86.Build.0 = Debug|Win32
		{82E2C312-14EE-42F2-85E4-74BD1193BBA6}.Release|x64.ActiveCfg = Release|x64
		{82E2C312-14EE-42F2-85E4-74BD1193BBA6}.Release|x64.Build.0 = Release|x64
		{82E2C312-14EE-42F2-85E4-74BD1193BBA6}.Release|x86.ActiveCfg = Release|Win32
		{82E2C312-14EE-42F2-85E4-74BD1193BBA6}.Release|x86.Build.0 = Release|Win32
		{D1EE95ED-8717-4C3D-A188-7BE74EC863B2}.Debug|x64.ActiveCfg = Debug|x64
		{D1EE95ED-8717-4C3D-A188-7BE74EC863B2}.Debug|x64.Build.0 = Debug|x64
		{D1EE95ED-8717-4C3D-A188-7BE74EC863B2}.Debug|x86.ActiveCfg = Debug|Win32
		{D1EE95ED-8717-4C3D-A188-7BE74EC863B2}.Debug|x86.Build.0 = Debug|Win32
		{D1EE95ED-8717-4C3D-A188-7BE74EC863B2}.Release|x64.ActiveCfg = Release|x64
		{D1EE95ED-8717-4C3D-A188-7BE74EC863B2}.Release|x64.Build.0 = Release|x64
		{D1EE95ED-8717-4C3D-A188-7BE74EC863B2}.Release|x86.ActiveCfg = Release|Win32
		{D1EE95ED-8717-4C3D-A188-7BE74EC863B2}.Release|x86.Build.0 = Release|Win32
	EndGlobalSection
	GlobalSection(SolutionProperties) = preSolution
		HideSolutionNode = FALSE
	EndGlobalSection
	GlobalSection(ExtensibilityGlobals) = postSolution
		SolutionGuid = {41807195-99C3-43C3-9A97-FABBFFAC712C}
	EndGlobalSection
EndGlobal
